
Microsoft Visual Studio Solution File, Format Version 12.00
# Visual Studio Version 16
VisualStudioVersion = 16.0.29509.3
MinimumVisualStudioVersion = 10.0.40219.1
Project("{FAE04EC0-301F-11D3-BF4B-00C04F79EFBC}") = "ECommerce", "ECommerce\ECommerce.csproj", "{58983CDD-ABCE-4454-92C2-34B58FC74235}"
EndProject
Global
	GlobalSection(SolutionConfigurationPlatforms) = preSolution
		Debug|Any CPU = Debug|Any CPU
		Release|Any CPU = Release|Any CPU
	EndGlobalSection
	GlobalSection(ProjectConfigurationPlatforms) = postSolution
		{58983CDD-ABCE-4454-92C2-34B58FC74235}.Debug|Any CPU.ActiveCfg = Debug|Any CPU
		{58983CDD-ABCE-4454-92C2-34B58FC74235}.Debug|Any CPU.Build.0 = Debug|Any CPU
		{58983CDD-ABCE-4454-92C2-34B58FC74235}.Release|Any CPU.ActiveCfg = Release|Any CPU
		{58983CDD-ABCE-4454-92C2-34B58FC74235}.Release|Any CPU.Build.0 = Release|Any CPU
	EndGlobalSection
	GlobalSection(SolutionProperties) = preSolution
		HideSolutionNode = FALSE
	EndGlobalSection
	GlobalSection(ExtensibilityGlobals) = postSolution
		SolutionGuid = {47F5409F-DA30-49F3-A60C-1DF27EA55D6D}
	EndGlobalSection
EndGlobal
